
Microsoft Visual Studio Solution File, Format Version 12.00
# Visual Studio Version 17
VisualStudioVersion = 17.14.36221.1 d17.14
MinimumVisualStudioVersion = 10.0.40219.1
Project("{FAE04EC0-301F-11D3-BF4B-00C04F79EFBC}") = "Demo02C#", "Demo02C#\Demo02C#.csproj", "{E5B3B0A3-9BA4-4B8C-99BC-20D2EB89A1FC}"
EndProject
Global
	GlobalSection(SolutionConfigurationPlatforms) = preSolution
		Debug|Any CPU = Debug|Any CPU
		Release|Any CPU = Release|Any CPU
	EndGlobalSection
	GlobalSection(ProjectConfigurationPlatforms) = postSolution
		{E5B3B0A3-9BA4-4B8C-99BC-20D2EB89A1FC}.Debug|Any CPU.ActiveCfg = Debug|Any CPU
		{E5B3B0A3-9BA4-4B8C-99BC-20D2EB89A1FC}.Debug|Any CPU.Build.0 = Debug|Any CPU
		{E5B3B0A3-9BA4-4B8C-99BC-20D2EB89A1FC}.Release|Any CPU.ActiveCfg = Release|Any CPU
		{E5B3B0A3-9BA4-4B8C-99BC-20D2EB89A1FC}.Release|Any CPU.Build.0 = Release|Any CPU
	EndGlobalSection
	GlobalSection(SolutionProperties) = preSolution
		HideSolutionNode = FALSE
	EndGlobalSection
	GlobalSection(ExtensibilityGlobals) = postSolution
		SolutionGuid = {54E3707D-C6D4-4608-90BE-3A4A8F85CBDC}
	EndGlobalSection
EndGlobal
